
Microsoft Visual Studio Solution File, Format Version 12.00
# Visual Studio Version 17
VisualStudioVersion = 17.3.32929.385
MinimumVisualStudioVersion = 10.0.40219.1
Project("{FAE04EC0-301F-11D3-BF4B-00C04F79EFBC}") = "Task", "Task\Task.csproj", "{DD7054D2-9430-4BFE-830F-DFCDCA53A19C}"
EndProject
Global
	GlobalSection(SolutionConfigurationPlatforms) = preSolution
		Debug|Any CPU = Debug|Any CPU
		Release|Any CPU = Release|Any CPU
	EndGlobalSection
	GlobalSection(ProjectConfigurationPlatforms) = postSolution
		{DD7054D2-9430-4BFE-830F-DFCDCA53A19C}.Debug|Any CPU.ActiveCfg = Debug|Any CPU
		{DD7054D2-9430-4BFE-830F-DFCDCA53A19C}.Debug|Any CPU.Build.0 = Debug|Any CPU
		{DD7054D2-9430-4BFE-830F-DFCDCA53A19C}.Release|Any CPU.ActiveCfg = Release|Any CPU
		{DD7054D2-9430-4BFE-830F-DFCDCA53A19C}.Release|Any CPU.Build.0 = Release|Any CPU
	EndGlobalSection
	GlobalSection(SolutionProperties) = preSolution
		HideSolutionNode = FALSE
	EndGlobalSection
	GlobalSection(ExtensibilityGlobals) = postSolution
		SolutionGuid = {39DD940F-B661-4C08-ACDA-2B898868D7E1}
	EndGlobalSection
EndGlobal
